
Microsoft Visual Studio Solution File, Format Version 12.00
# Visual Studio 15
VisualStudioVersion = 15.0.26730.15
MinimumVisualStudioVersion = 10.0.40219.1
Project("{FAE04EC0-301F-11D3-BF4B-00C04F79EFBC}") = "DataAnalyzerTavisca", "DataAnalyzerTavisca\DataAnalyzerTavisca.csproj", "{DB60F3FA-C8C6-4BBC-904F-A047D894F4E3}"
EndProject
Project("{FAE04EC0-301F-11D3-BF4B-00C04F79EFBC}") = "DataAnalyzerTavisca.Tests", "DataAnalyzerTavisca.Tests\DataAnalyzerTavisca.Tests.csproj", "{9357B848-A4D0-4994-A8AC-AC39B166F2D5}"
EndProject
Global
	GlobalSection(SolutionConfigurationPlatforms) = preSolution
		Debug|Any CPU = Debug|Any CPU
		Release|Any CPU = Release|Any CPU
	EndGlobalSection
	GlobalSection(ProjectConfigurationPlatforms) = postSolution
		{DB60F3FA-C8C6-4BBC-904F-A047D894F4E3}.Debug|Any CPU.ActiveCfg = Debug|Any CPU
		{DB60F3FA-C8C6-4BBC-904F-A047D894F4E3}.Debug|Any CPU.Build.0 = Debug|Any CPU
		{DB60F3FA-C8C6-4BBC-904F-A047D894F4E3}.Release|Any CPU.ActiveCfg = Release|Any CPU
		{DB60F3FA-C8C6-4BBC-904F-A047D894F4E3}.Release|Any CPU.Build.0 = Release|Any CPU
		{9357B848-A4D0-4994-A8AC-AC39B166F2D5}.Debug|Any CPU.ActiveCfg = Debug|Any CPU
		{9357B848-A4D0-4994-A8AC-AC39B166F2D5}.Debug|Any CPU.Build.0 = Debug|Any CPU
		{9357B848-A4D0-4994-A8AC-AC39B166F2D5}.Release|Any CPU.ActiveCfg = Release|Any CPU
		{9357B848-A4D0-4994-A8AC-AC39B166F2D5}.Release|Any CPU.Build.0 = Release|Any CPU
	EndGlobalSection
	GlobalSection(SolutionProperties) = preSolution
		HideSolutionNode = FALSE
	EndGlobalSection
	GlobalSection(ExtensibilityGlobals) = postSolution
		SolutionGuid = {258D958A-9530-4E26-8AA4-BD00CD7322B2}
	EndGlobalSection
EndGlobal
